
Microsoft Visual Studio Solution File, Format Version 12.00
# Visual Studio Version 17
VisualStudioVersion = 17.13.35931.197 d17.13
MinimumVisualStudioVersion = 10.0.40219.1
Project("{FAE04EC0-301F-11D3-BF4B-00C04F79EFBC}") = "TodoApi", "TodoApi.csproj", "{05FD0CF1-9947-44E9-9474-21809D715564}"
EndProject
Global
	GlobalSection(SolutionConfigurationPlatforms) = preSolution
		Debug|Any CPU = Debug|Any CPU
		Release|Any CPU = Release|Any CPU
	EndGlobalSection
	GlobalSection(ProjectConfigurationPlatforms) = postSolution
		{05FD0CF1-9947-44E9-9474-21809D715564}.Debug|Any CPU.ActiveCfg = Debug|Any CPU
		{05FD0CF1-9947-44E9-9474-21809D715564}.Debug|Any CPU.Build.0 = Debug|Any CPU
		{05FD0CF1-9947-44E9-9474-21809D715564}.Release|Any CPU.ActiveCfg = Release|Any CPU
		{05FD0CF1-9947-44E9-9474-21809D715564}.Release|Any CPU.Build.0 = Release|Any CPU
	EndGlobalSection
	GlobalSection(SolutionProperties) = preSolution
		HideSolutionNode = FALSE
	EndGlobalSection
	GlobalSection(ExtensibilityGlobals) = postSolution
		SolutionGuid = {D6B51DFB-E8C4-49AC-95C3-81BAC64DFBB0}
	EndGlobalSection
EndGlobal
